
Microsoft Visual Studio Solution File, Format Version 12.00
# Visual Studio Version 17
VisualStudioVersion = 17.1.32328.378
MinimumVisualStudioVersion = 10.0.40219.1
Project("{FAE04EC0-301F-11D3-BF4B-00C04F79EFBC}") = "WpfApp1", "WpfApp1\WpfApp1.csproj", "{B21CEA2C-D42F-45C2-81D1-05191C222C29}"
EndProject
Global
	GlobalSection(SolutionConfigurationPlatforms) = preSolution
		Debug|Any CPU = Debug|Any CPU
		Release|Any CPU = Release|Any CPU
	EndGlobalSection
	GlobalSection(ProjectConfigurationPlatforms) = postSolution
		{B21CEA2C-D42F-45C2-81D1-05191C222C29}.Debug|Any CPU.ActiveCfg = Debug|Any CPU
		{B21CEA2C-D42F-45C2-81D1-05191C222C29}.Debug|Any CPU.Build.0 = Debug|Any CPU
		{B21CEA2C-D42F-45C2-81D1-05191C222C29}.Release|Any CPU.ActiveCfg = Release|Any CPU
		{B21CEA2C-D42F-45C2-81D1-05191C222C29}.Release|Any CPU.Build.0 = Release|Any CPU
	EndGlobalSection
	GlobalSection(SolutionProperties) = preSolution
		HideSolutionNode = FALSE
	EndGlobalSection
	GlobalSection(ExtensibilityGlobals) = postSolution
		SolutionGuid = {3412E3AA-BABB-4DCE-8ECB-FC646C9343B3}
	EndGlobalSection
EndGlobal
